
Microsoft Visual Studio Solution File, Format Version 12.00
Project("{FAE04EC0-301F-11D3-BF4B-00C04F79EFBC}") = "Loans-API", "Loans-API\Loans-API.csproj", "{580FAFD5-AFF2-4C15-9284-39B42D1471F5}"
EndProject
Project("{FAE04EC0-301F-11D3-BF4B-00C04F79EFBC}") = "LibrarySystem-T4", "LibrarySystem-T4\LibrarySystem-T4.csproj", "{1A148FBF-A5C8-47EE-AA19-43E1DE83B370}"
EndProject
Global
	GlobalSection(SolutionConfigurationPlatforms) = preSolution
		Debug|Any CPU = Debug|Any CPU
		Debug|x64 = Debug|x64
		Debug|x86 = Debug|x86
		Release|Any CPU = Release|Any CPU
		Release|x64 = Release|x64
		Release|x86 = Release|x86
	EndGlobalSection
	GlobalSection(ProjectConfigurationPlatforms) = postSolution
		{580FAFD5-AFF2-4C15-9284-39B42D1471F5}.Debug|Any CPU.ActiveCfg = Debug|Any CPU
		{580FAFD5-AFF2-4C15-9284-39B42D1471F5}.Debug|Any CPU.Build.0 = Debug|Any CPU
		{580FAFD5-AFF2-4C15-9284-39B42D1471F5}.Debug|x64.ActiveCfg = Debug|Any CPU
		{580FAFD5-AFF2-4C15-9284-39B42D1471F5}.Debug|x64.Build.0 = Debug|Any CPU
		{580FAFD5-AFF2-4C15-9284-39B42D1471F5}.Debug|x86.ActiveCfg = Debug|Any CPU
		{580FAFD5-AFF2-4C15-9284-39B42D1471F5}.Debug|x86.Build.0 = Debug|Any CPU
		{580FAFD5-AFF2-4C15-9284-39B42D1471F5}.Release|Any CPU.ActiveCfg = Release|Any CPU
		{580FAFD5-AFF2-4C15-9284-39B42D1471F5}.Release|Any CPU.Build.0 = Release|Any CPU
		{580FAFD5-AFF2-4C15-9284-39B42D1471F5}.Release|x64.ActiveCfg = Release|Any CPU
		{580FAFD5-AFF2-4C15-9284-39B42D1471F5}.Release|x64.Build.0 = Release|Any CPU
		{580FAFD5-AFF2-4C15-9284-39B42D1471F5}.Release|x86.ActiveCfg = Release|Any CPU
		{580FAFD5-AFF2-4C15-9284-39B42D1471F5}.Release|x86.Build.0 = Release|Any CPU
		{1A148FBF-A5C8-47EE-AA19-43E1DE83B370}.Debug|Any CPU.ActiveCfg = Debug|Any CPU
		{1A148FBF-A5C8-47EE-AA19-43E1DE83B370}.Debug|Any CPU.Build.0 = Debug|Any CPU
		{1A148FBF-A5C8-47EE-AA19-43E1DE83B370}.Debug|x64.ActiveCfg = Debug|Any CPU
		{1A148FBF-A5C8-47EE-AA19-43E1DE83B370}.Debug|x64.Build.0 = Debug|Any CPU
		{1A148FBF-A5C8-47EE-AA19-43E1DE83B370}.Debug|x86.ActiveCfg = Debug|Any CPU
		{1A148FBF-A5C8-47EE-AA19-43E1DE83B370}.Debug|x86.Build.0 = Debug|Any CPU
		{1A148FBF-A5C8-47EE-AA19-43E1DE83B370}.Release|Any CPU.ActiveCfg = Release|Any CPU
		{1A148FBF-A5C8-47EE-AA19-43E1DE83B370}.Release|Any CPU.Build.0 = Release|Any CPU
		{1A148FBF-A5C8-47EE-AA19-43E1DE83B370}.Release|x64.ActiveCfg = Release|Any CPU
		{1A148FBF-A5C8-47EE-AA19-43E1DE83B370}.Release|x64.Build.0 = Release|Any CPU
		{1A148FBF-A5C8-47EE-AA19-43E1DE83B370}.Release|x86.ActiveCfg = Release|Any CPU
		{1A148FBF-A5C8-47EE-AA19-43E1DE83B370}.Release|x86.Build.0 = Release|Any CPU
	EndGlobalSection
	GlobalSection(SolutionProperties) = preSolution
		HideSolutionNode = FALSE
	EndGlobalSection
EndGlobal
