
Microsoft Visual Studio Solution File, Format Version 12.00
Project("{FAE04EC0-301F-11D3-BF4B-00C04F79EFBC}") = "Librarysystem-Loans", "Librarysystem-Loans\Librarysystem-Loans.csproj", "{F18CCEA9-9B9A-46E1-B0C9-56B1469A7535}"
EndProject
Project("{FAE04EC0-301F-11D3-BF4B-00C04F79EFBC}") = "LibrarySystem-Frontend", "LibrarySystem-Frontend\LibrarySystem-Frontend.csproj", "{F92D0E1C-E288-4368-91D4-18E69324A080}"
EndProject
Global
	GlobalSection(SolutionConfigurationPlatforms) = preSolution
		Debug|Any CPU = Debug|Any CPU
		Debug|x64 = Debug|x64
		Debug|x86 = Debug|x86
		Release|Any CPU = Release|Any CPU
		Release|x64 = Release|x64
		Release|x86 = Release|x86
	EndGlobalSection
	GlobalSection(ProjectConfigurationPlatforms) = postSolution
		{F18CCEA9-9B9A-46E1-B0C9-56B1469A7535}.Debug|Any CPU.ActiveCfg = Debug|Any CPU
		{F18CCEA9-9B9A-46E1-B0C9-56B1469A7535}.Debug|Any CPU.Build.0 = Debug|Any CPU
		{F18CCEA9-9B9A-46E1-B0C9-56B1469A7535}.Debug|x64.ActiveCfg = Debug|Any CPU
		{F18CCEA9-9B9A-46E1-B0C9-56B1469A7535}.Debug|x64.Build.0 = Debug|Any CPU
		{F18CCEA9-9B9A-46E1-B0C9-56B1469A7535}.Debug|x86.ActiveCfg = Debug|Any CPU
		{F18CCEA9-9B9A-46E1-B0C9-56B1469A7535}.Debug|x86.Build.0 = Debug|Any CPU
		{F18CCEA9-9B9A-46E1-B0C9-56B1469A7535}.Release|Any CPU.ActiveCfg = Release|Any CPU
		{F18CCEA9-9B9A-46E1-B0C9-56B1469A7535}.Release|Any CPU.Build.0 = Release|Any CPU
		{F18CCEA9-9B9A-46E1-B0C9-56B1469A7535}.Release|x64.ActiveCfg = Release|Any CPU
		{F18CCEA9-9B9A-46E1-B0C9-56B1469A7535}.Release|x64.Build.0 = Release|Any CPU
		{F18CCEA9-9B9A-46E1-B0C9-56B1469A7535}.Release|x86.ActiveCfg = Release|Any CPU
		{F18CCEA9-9B9A-46E1-B0C9-56B1469A7535}.Release|x86.Build.0 = Release|Any CPU
		{F92D0E1C-E288-4368-91D4-18E69324A080}.Debug|Any CPU.ActiveCfg = Debug|Any CPU
		{F92D0E1C-E288-4368-91D4-18E69324A080}.Debug|Any CPU.Build.0 = Debug|Any CPU
		{F92D0E1C-E288-4368-91D4-18E69324A080}.Debug|x64.ActiveCfg = Debug|Any CPU
		{F92D0E1C-E288-4368-91D4-18E69324A080}.Debug|x64.Build.0 = Debug|Any CPU
		{F92D0E1C-E288-4368-91D4-18E69324A080}.Debug|x86.ActiveCfg = Debug|Any CPU
		{F92D0E1C-E288-4368-91D4-18E69324A080}.Debug|x86.Build.0 = Debug|Any CPU
		{F92D0E1C-E288-4368-91D4-18E69324A080}.Release|Any CPU.ActiveCfg = Release|Any CPU
		{F92D0E1C-E288-4368-91D4-18E69324A080}.Release|Any CPU.Build.0 = Release|Any CPU
		{F92D0E1C-E288-4368-91D4-18E69324A080}.Release|x64.ActiveCfg = Release|Any CPU
		{F92D0E1C-E288-4368-91D4-18E69324A080}.Release|x64.Build.0 = Release|Any CPU
		{F92D0E1C-E288-4368-91D4-18E69324A080}.Release|x86.ActiveCfg = Release|Any CPU
		{F92D0E1C-E288-4368-91D4-18E69324A080}.Release|x86.Build.0 = Release|Any CPU
	EndGlobalSection
	GlobalSection(SolutionProperties) = preSolution
		HideSolutionNode = FALSE
	EndGlobalSection
EndGlobal
